
Microsoft Visual Studio Solution File, Format Version 12.00
# Visual Studio 15
VisualStudioVersion = 15.0.28307.902
MinimumVisualStudioVersion = 10.0.40219.1
Project("{2150E333-8FDC-42A3-9474-1A3956D46DE8}") = "Apps", "Apps", "{1FDDFFDE-CFFC-4F79-BAC3-D9C9A93130E0}"
EndProject
Project("{2150E333-8FDC-42A3-9474-1A3956D46DE8}") = "AppsCore", "AppsCore", "{0EA913C1-C065-4452-886F-0D9DA1F95F63}"
EndProject
Project("{2150E333-8FDC-42A3-9474-1A3956D46DE8}") = "Core", "Core", "{77065DBD-BA4A-409F-A55A-5245536F61A1}"
EndProject
Project("{FAE04EC0-301F-11D3-BF4B-00C04F79EFBC}") = "Jastech.Apps.Structure", "Jastech.Apps.Structure\Jastech.Apps.Structure.csproj", "{1D6EA4E5-02D4-4C2A-8873-D336D420E726}"
EndProject
Project("{FAE04EC0-301F-11D3-BF4B-00C04F79EFBC}") = "Jastech.Apps.Winform", "Jastech.Apps.Winform\Jastech.Apps.Winform.csproj", "{A2FF047D-37DD-46A8-83B8-341608BD1D40}"
EndProject
Project("{FAE04EC0-301F-11D3-BF4B-00C04F79EFBC}") = "ATT", "ATT\ATT.csproj", "{7B4F950D-89CE-41DC-9F19-DFA232C4867D}"
EndProject
Project("{FAE04EC0-301F-11D3-BF4B-00C04F79EFBC}") = "Jastech.Framework.Comm", "..\..\Jastech.Core\src\Jastech.Framework.Comm\Jastech.Framework.Comm.csproj", "{05B26E55-9C49-4078-983A-C6B13F6EE375}"
EndProject
Project("{FAE04EC0-301F-11D3-BF4B-00C04F79EFBC}") = "Jastech.Framework.Config", "..\..\Jastech.Core\src\Jastech.Framework.Config\Jastech.Framework.Config.csproj", "{6244FA20-EDA3-45D4-85C7-50D901C5D376}"
EndProject
Project("{FAE04EC0-301F-11D3-BF4B-00C04F79EFBC}") = "Jastech.Framework.Device", "..\..\Jastech.Core\src\Jastech.Framework.Device\Jastech.Framework.Device.csproj", "{F43DDCCA-E65C-4131-B789-DB4109E91B68}"
EndProject
Project("{FAE04EC0-301F-11D3-BF4B-00C04F79EFBC}") = "Jastech.Framework.Imaging.VisionPro", "..\..\Jastech.Core\src\Jastech.Framework.Imaging.VisionPro\Jastech.Framework.Imaging.VisionPro.csproj", "{22EE7B1A-E7B2-4547-94DD-4E85BDB56956}"
EndProject
Project("{FAE04EC0-301F-11D3-BF4B-00C04F79EFBC}") = "Jastech.Framework.Matrox", "..\..\Jastech.Core\src\Jastech.Framework.Matrox\Jastech.Framework.Matrox.csproj", "{8B4B5CEF-5B39-423A-A460-A24F7FD8890E}"
EndProject
Project("{FAE04EC0-301F-11D3-BF4B-00C04F79EFBC}") = "Jastech.Framework.Structure", "..\..\Jastech.Core\src\Jastech.Framework.Structure\Jastech.Framework.Structure.csproj", "{DCFF7B48-8DF8-4ED9-9F0F-F11C2CCB7547}"
EndProject
Project("{FAE04EC0-301F-11D3-BF4B-00C04F79EFBC}") = "Jastech.Framework.Util", "..\..\Jastech.Core\src\Jastech.Framework.Util\Jastech.Framework.Util.csproj", "{07EF86CC-AC6A-454E-B12B-EB63454A1DCA}"
EndProject
Project("{FAE04EC0-301F-11D3-BF4B-00C04F79EFBC}") = "Jastech.Framework.Winform", "..\..\Jastech.Core\src\Jastech.Framework.Winform\Jastech.Framework.Winform.csproj", "{D46C7263-535A-4BF9-AD14-5183EDE0A984}"
EndProject
Project("{FAE04EC0-301F-11D3-BF4B-00C04F79EFBC}") = "Jastech.Framework.Winform.VisionPro", "..\..\Jastech.Core\src\Jastech.Framework.Winform.VisionPro\Jastech.Framework.Winform.VisionPro.csproj", "{8558B173-0E81-4C55-82B8-02417220E02C}"
EndProject
Project("{FAE04EC0-301F-11D3-BF4B-00C04F79EFBC}") = "PJH_TEST", "PJH_TEST\PJH_TEST.csproj", "{27072629-7A48-4D18-B8C0-4C1B62586FD2}"
EndProject
Project("{FAE04EC0-301F-11D3-BF4B-00C04F79EFBC}") = "YSHTest", "YSHTest\YSHTest.csproj", "{E2689AB7-9037-4126-BD99-35FEC506FA3C}"
EndProject
Project("{FAE04EC0-301F-11D3-BF4B-00C04F79EFBC}") = "Jastech.Framework.Imaging", "..\..\Jastech.Core\src\Jastech.Framework.Imaging\Jastech.Framework.Imaging.csproj", "{2380DA0F-851A-4430-9A43-E7B2DEEE29F2}"
EndProject
Project("{FAE04EC0-301F-11D3-BF4B-00C04F79EFBC}") = "KYJ_TEST", "KYJ_TEST\KYJ_TEST.csproj", "{9F797C8E-6546-4D38-AAF4-AFAE9792BD51}"
EndProject
Project("{FAE04EC0-301F-11D3-BF4B-00C04F79EFBC}") = "ATT_UT_Remodeling", "ATT_UT_Remodeling\ATT_UT_Remodeling.csproj", "{61045130-0858-4EE9-8A5E-9184B58E018A}"
EndProject
Project("{FAE04EC0-301F-11D3-BF4B-00C04F79EFBC}") = "Jastech.Framework.Modeller", "..\..\Jastech.Core\src\Jastech.Framework.Modeller\Jastech.Framework.Modeller.csproj", "{FEB6EA9B-86D3-41B0-A950-C5B2555916CF}"
EndProject
Global
	GlobalSection(SolutionConfigurationPlatforms) = preSolution
		Debug|Any CPU = Debug|Any CPU
		Debug|x64 = Debug|x64
		Release|Any CPU = Release|Any CPU
		Release|x64 = Release|x64
	EndGlobalSection
	GlobalSection(ProjectConfigurationPlatforms) = postSolution
		{1D6EA4E5-02D4-4C2A-8873-D336D420E726}.Debug|Any CPU.ActiveCfg = Debug|Any CPU
		{1D6EA4E5-02D4-4C2A-8873-D336D420E726}.Debug|Any CPU.Build.0 = Debug|Any CPU
		{1D6EA4E5-02D4-4C2A-8873-D336D420E726}.Debug|x64.ActiveCfg = Debug|x64
		{1D6EA4E5-02D4-4C2A-8873-D336D420E726}.Debug|x64.Build.0 = Debug|x64
		{1D6EA4E5-02D4-4C2A-8873-D336D420E726}.Release|Any CPU.ActiveCfg = Release|Any CPU
		{1D6EA4E5-02D4-4C2A-8873-D336D420E726}.Release|Any CPU.Build.0 = Release|Any CPU
		{1D6EA4E5-02D4-4C2A-8873-D336D420E726}.Release|x64.ActiveCfg = Release|x64
		{1D6EA4E5-02D4-4C2A-8873-D336D420E726}.Release|x64.Build.0 = Release|x64
		{A2FF047D-37DD-46A8-83B8-341608BD1D40}.Debug|Any CPU.ActiveCfg = Debug|Any CPU
		{A2FF047D-37DD-46A8-83B8-341608BD1D40}.Debug|Any CPU.Build.0 = Debug|Any CPU
		{A2FF047D-37DD-46A8-83B8-341608BD1D40}.Debug|x64.ActiveCfg = Debug|x64
		{A2FF047D-37DD-46A8-83B8-341608BD1D40}.Debug|x64.Build.0 = Debug|x64
		{A2FF047D-37DD-46A8-83B8-341608BD1D40}.Release|Any CPU.ActiveCfg = Release|Any CPU
		{A2FF047D-37DD-46A8-83B8-341608BD1D40}.Release|Any CPU.Build.0 = Release|Any CPU
		{A2FF047D-37DD-46A8-83B8-341608BD1D40}.Release|x64.ActiveCfg = Release|x64
		{A2FF047D-37DD-46A8-83B8-341608BD1D40}.Release|x64.Build.0 = Release|x64
		{7B4F950D-89CE-41DC-9F19-DFA232C4867D}.Debug|Any CPU.ActiveCfg = Debug|Any CPU
		{7B4F950D-89CE-41DC-9F19-DFA232C4867D}.Debug|Any CPU.Build.0 = Debug|Any CPU
		{7B4F950D-89CE-41DC-9F19-DFA232C4867D}.Debug|x64.ActiveCfg = Debug|x64
		{7B4F950D-89CE-41DC-9F19-DFA232C4867D}.Debug|x64.Build.0 = Debug|x64
		{7B4F950D-89CE-41DC-9F19-DFA232C4867D}.Release|Any CPU.ActiveCfg = Release|Any CPU
		{7B4F950D-89CE-41DC-9F19-DFA232C4867D}.Release|Any CPU.Build.0 = Release|Any CPU
		{7B4F950D-89CE-41DC-9F19-DFA232C4867D}.Release|x64.ActiveCfg = Release|x64
		{7B4F950D-89CE-41DC-9F19-DFA232C4867D}.Release|x64.Build.0 = Release|x64
		{05B26E55-9C49-4078-983A-C6B13F6EE375}.Debug|Any CPU.ActiveCfg = Debug|Any CPU
		{05B26E55-9C49-4078-983A-C6B13F6EE375}.Debug|Any CPU.Build.0 = Debug|Any CPU
		{05B26E55-9C49-4078-983A-C6B13F6EE375}.Debug|x64.ActiveCfg = Debug|x64
		{05B26E55-9C49-4078-983A-C6B13F6EE375}.Debug|x64.Build.0 = Debug|x64
		{05B26E55-9C49-4078-983A-C6B13F6EE375}.Release|Any CPU.ActiveCfg = Release|Any CPU
		{05B26E55-9C49-4078-983A-C6B13F6EE375}.Release|Any CPU.Build.0 = Release|Any CPU
		{05B26E55-9C49-4078-983A-C6B13F6EE375}.Release|x64.ActiveCfg = Release|x64
		{05B26E55-9C49-4078-983A-C6B13F6EE375}.Release|x64.Build.0 = Release|x64
		{6244FA20-EDA3-45D4-85C7-50D901C5D376}.Debug|Any CPU.ActiveCfg = Debug|Any CPU
		{6244FA20-EDA3-45D4-85C7-50D901C5D376}.Debug|Any CPU.Build.0 = Debug|Any CPU
		{6244FA20-EDA3-45D4-85C7-50D901C5D376}.Debug|x64.ActiveCfg = Debug|x64
		{6244FA20-EDA3-45D4-85C7-50D901C5D376}.Debug|x64.Build.0 = Debug|x64
		{6244FA20-EDA3-45D4-85C7-50D901C5D376}.Release|Any CPU.ActiveCfg = Release|Any CPU
		{6244FA20-EDA3-45D4-85C7-50D901C5D376}.Release|Any CPU.Build.0 = Release|Any CPU
		{6244FA20-EDA3-45D4-85C7-50D901C5D376}.Release|x64.ActiveCfg = Release|x64
		{6244FA20-EDA3-45D4-85C7-50D901C5D376}.Release|x64.Build.0 = Release|x64
		{F43DDCCA-E65C-4131-B789-DB4109E91B68}.Debug|Any CPU.ActiveCfg = Debug|Any CPU
		{F43DDCCA-E65C-4131-B789-DB4109E91B68}.Debug|Any CPU.Build.0 = Debug|Any CPU
		{F43DDCCA-E65C-4131-B789-DB4109E91B68}.Debug|x64.ActiveCfg = Debug|x64
		{F43DDCCA-E65C-4131-B789-DB4109E91B68}.Debug|x64.Build.0 = Debug|x64
		{F43DDCCA-E65C-4131-B789-DB4109E91B68}.Release|Any CPU.ActiveCfg = Release|Any CPU
		{F43DDCCA-E65C-4131-B789-DB4109E91B68}.Release|Any CPU.Build.0 = Release|Any CPU
		{F43DDCCA-E65C-4131-B789-DB4109E91B68}.Release|x64.ActiveCfg = Release|x64
		{F43DDCCA-E65C-4131-B789-DB4109E91B68}.Release|x64.Build.0 = Release|x64
		{22EE7B1A-E7B2-4547-94DD-4E85BDB56956}.Debug|Any CPU.ActiveCfg = Debug|Any CPU
		{22EE7B1A-E7B2-4547-94DD-4E85BDB56956}.Debug|Any CPU.Build.0 = Debug|Any CPU
		{22EE7B1A-E7B2-4547-94DD-4E85BDB56956}.Debug|x64.ActiveCfg = Debug|x64
		{22EE7B1A-E7B2-4547-94DD-4E85BDB56956}.Debug|x64.Build.0 = Debug|x64
		{22EE7B1A-E7B2-4547-94DD-4E85BDB56956}.Release|Any CPU.ActiveCfg = Release|Any CPU
		{22EE7B1A-E7B2-4547-94DD-4E85BDB56956}.Release|Any CPU.Build.0 = Release|Any CPU
		{22EE7B1A-E7B2-4547-94DD-4E85BDB56956}.Release|x64.ActiveCfg = Release|x64
		{22EE7B1A-E7B2-4547-94DD-4E85BDB56956}.Release|x64.Build.0 = Release|x64
		{8B4B5CEF-5B39-423A-A460-A24F7FD8890E}.Debug|Any CPU.ActiveCfg = Debug|Any CPU
		{8B4B5CEF-5B39-423A-A460-A24F7FD8890E}.Debug|Any CPU.Build.0 = Debug|Any CPU
		{8B4B5CEF-5B39-423A-A460-A24F7FD8890E}.Debug|x64.ActiveCfg = Debug|x64
		{8B4B5CEF-5B39-423A-A460-A24F7FD8890E}.Debug|x64.Build.0 = Debug|x64
		{8B4B5CEF-5B39-423A-A460-A24F7FD8890E}.Release|Any CPU.ActiveCfg = Release|Any CPU
		{8B4B5CEF-5B39-423A-A460-A24F7FD8890E}.Release|Any CPU.Build.0 = Release|Any CPU
		{8B4B5CEF-5B39-423A-A460-A24F7FD8890E}.Release|x64.ActiveCfg = Release|x64
		{8B4B5CEF-5B39-423A-A460-A24F7FD8890E}.Release|x64.Build.0 = Release|x64
		{DCFF7B48-8DF8-4ED9-9F0F-F11C2CCB7547}.Debug|Any CPU.ActiveCfg = Debug|Any CPU
		{DCFF7B48-8DF8-4ED9-9F0F-F11C2CCB7547}.Debug|Any CPU.Build.0 = Debug|Any CPU
		{DCFF7B48-8DF8-4ED9-9F0F-F11C2CCB7547}.Debug|x64.ActiveCfg = Debug|x64
		{DCFF7B48-8DF8-4ED9-9F0F-F11C2CCB7547}.Debug|x64.Build.0 = Debug|x64
		{DCFF7B48-8DF8-4ED9-9F0F-F11C2CCB7547}.Release|Any CPU.ActiveCfg = Release|Any CPU
		{DCFF7B48-8DF8-4ED9-9F0F-F11C2CCB7547}.Release|Any CPU.Build.0 = Release|Any CPU
		{DCFF7B48-8DF8-4ED9-9F0F-F11C2CCB7547}.Release|x64.ActiveCfg = Release|x64
		{DCFF7B48-8DF8-4ED9-9F0F-F11C2CCB7547}.Release|x64.Build.0 = Release|x64
		{07EF86CC-AC6A-454E-B12B-EB63454A1DCA}.Debug|Any CPU.ActiveCfg = Debug|Any CPU
		{07EF86CC-AC6A-454E-B12B-EB63454A1DCA}.Debug|Any CPU.Build.0 = Debug|Any CPU
		{07EF86CC-AC6A-454E-B12B-EB63454A1DCA}.Debug|x64.ActiveCfg = Debug|x64
		{07EF86CC-AC6A-454E-B12B-EB63454A1DCA}.Debug|x64.Build.0 = Debug|x64
		{07EF86CC-AC6A-454E-B12B-EB63454A1DCA}.Release|Any CPU.ActiveCfg = Release|Any CPU
		{07EF86CC-AC6A-454E-B12B-EB63454A1DCA}.Release|Any CPU.Build.0 = Release|Any CPU
		{07EF86CC-AC6A-454E-B12B-EB63454A1DCA}.Release|x64.ActiveCfg = Release|x64
		{07EF86CC-AC6A-454E-B12B-EB63454A1DCA}.Release|x64.Build.0 = Release|x64
		{D46C7263-535A-4BF9-AD14-5183EDE0A984}.Debug|Any CPU.ActiveCfg = Debug|Any CPU
		{D46C7263-535A-4BF9-AD14-5183EDE0A984}.Debug|Any CPU.Build.0 = Debug|Any CPU
		{D46C7263-535A-4BF9-AD14-5183EDE0A984}.Debug|x64.ActiveCfg = Debug|x64
		{D46C7263-535A-4BF9-AD14-5183EDE0A984}.Debug|x64.Build.0 = Debug|x64
		{D46C7263-535A-4BF9-AD14-5183EDE0A984}.Release|Any CPU.ActiveCfg = Release|Any CPU
		{D46C7263-535A-4BF9-AD14-5183EDE0A984}.Release|Any CPU.Build.0 = Release|Any CPU
		{D46C7263-535A-4BF9-AD14-5183EDE0A984}.Release|x64.ActiveCfg = Release|x64
		{D46C7263-535A-4BF9-AD14-5183EDE0A984}.Release|x64.Build.0 = Release|x64
		{8558B173-0E81-4C55-82B8-02417220E02C}.Debug|Any CPU.ActiveCfg = Debug|Any CPU
		{8558B173-0E81-4C55-82B8-02417220E02C}.Debug|Any CPU.Build.0 = Debug|Any CPU
		{8558B173-0E81-4C55-82B8-02417220E02C}.Debug|x64.ActiveCfg = Debug|x64
		{8558B173-0E81-4C55-82B8-02417220E02C}.Debug|x64.Build.0 = Debug|x64
		{8558B173-0E81-4C55-82B8-02417220E02C}.Release|Any CPU.ActiveCfg = Release|Any CPU
		{8558B173-0E81-4C55-82B8-02417220E02C}.Release|Any CPU.Build.0 = Release|Any CPU
		{8558B173-0E81-4C55-82B8-02417220E02C}.Release|x64.ActiveCfg = Release|x64
		{8558B173-0E81-4C55-82B8-02417220E02C}.Release|x64.Build.0 = Release|x64
		{27072629-7A48-4D18-B8C0-4C1B62586FD2}.Debug|Any CPU.ActiveCfg = Debug|Any CPU
		{27072629-7A48-4D18-B8C0-4C1B62586FD2}.Debug|Any CPU.Build.0 = Debug|Any CPU
		{27072629-7A48-4D18-B8C0-4C1B62586FD2}.Debug|x64.ActiveCfg = Debug|x64
		{27072629-7A48-4D18-B8C0-4C1B62586FD2}.Debug|x64.Build.0 = Debug|x64
		{27072629-7A48-4D18-B8C0-4C1B62586FD2}.Release|Any CPU.ActiveCfg = Release|Any CPU
		{27072629-7A48-4D18-B8C0-4C1B62586FD2}.Release|Any CPU.Build.0 = Release|Any CPU
		{27072629-7A48-4D18-B8C0-4C1B62586FD2}.Release|x64.ActiveCfg = Release|Any CPU
		{27072629-7A48-4D18-B8C0-4C1B62586FD2}.Release|x64.Build.0 = Release|Any CPU
		{E2689AB7-9037-4126-BD99-35FEC506FA3C}.Debug|Any CPU.ActiveCfg = Debug|Any CPU
		{E2689AB7-9037-4126-BD99-35FEC506FA3C}.Debug|Any CPU.Build.0 = Debug|Any CPU
		{E2689AB7-9037-4126-BD99-35FEC506FA3C}.Debug|x64.ActiveCfg = Debug|x64
		{E2689AB7-9037-4126-BD99-35FEC506FA3C}.Debug|x64.Build.0 = Debug|x64
		{E2689AB7-9037-4126-BD99-35FEC506FA3C}.Release|Any CPU.ActiveCfg = Release|Any CPU
		{E2689AB7-9037-4126-BD99-35FEC506FA3C}.Release|Any CPU.Build.0 = Release|Any CPU
		{E2689AB7-9037-4126-BD99-35FEC506FA3C}.Release|x64.ActiveCfg = Release|x64
		{E2689AB7-9037-4126-BD99-35FEC506FA3C}.Release|x64.Build.0 = Release|x64
		{2380DA0F-851A-4430-9A43-E7B2DEEE29F2}.Debug|Any CPU.ActiveCfg = Debug|Any CPU
		{2380DA0F-851A-4430-9A43-E7B2DEEE29F2}.Debug|Any CPU.Build.0 = Debug|Any CPU
		{2380DA0F-851A-4430-9A43-E7B2DEEE29F2}.Debug|x64.ActiveCfg = Debug|x64
		{2380DA0F-851A-4430-9A43-E7B2DEEE29F2}.Debug|x64.Build.0 = Debug|x64
		{2380DA0F-851A-4430-9A43-E7B2DEEE29F2}.Release|Any CPU.ActiveCfg = Release|Any CPU
		{2380DA0F-851A-4430-9A43-E7B2DEEE29F2}.Release|Any CPU.Build.0 = Release|Any CPU
		{2380DA0F-851A-4430-9A43-E7B2DEEE29F2}.Release|x64.ActiveCfg = Release|Any CPU
		{2380DA0F-851A-4430-9A43-E7B2DEEE29F2}.Release|x64.Build.0 = Release|Any CPU
		{9F797C8E-6546-4D38-AAF4-AFAE9792BD51}.Debug|Any CPU.ActiveCfg = Debug|Any CPU
		{9F797C8E-6546-4D38-AAF4-AFAE9792BD51}.Debug|Any CPU.Build.0 = Debug|Any CPU
		{9F797C8E-6546-4D38-AAF4-AFAE9792BD51}.Debug|x64.ActiveCfg = Debug|x64
		{9F797C8E-6546-4D38-AAF4-AFAE9792BD51}.Debug|x64.Build.0 = Debug|x64
		{9F797C8E-6546-4D38-AAF4-AFAE9792BD51}.Release|Any CPU.ActiveCfg = Release|Any CPU
		{9F797C8E-6546-4D38-AAF4-AFAE9792BD51}.Release|Any CPU.Build.0 = Release|Any CPU
		{9F797C8E-6546-4D38-AAF4-AFAE9792BD51}.Release|x64.ActiveCfg = Release|Any CPU
		{9F797C8E-6546-4D38-AAF4-AFAE9792BD51}.Release|x64.Build.0 = Release|Any CPU
		{61045130-0858-4EE9-8A5E-9184B58E018A}.Debug|Any CPU.ActiveCfg = Debug|Any CPU
		{61045130-0858-4EE9-8A5E-9184B58E018A}.Debug|Any CPU.Build.0 = Debug|Any CPU
		{61045130-0858-4EE9-8A5E-9184B58E018A}.Debug|x64.ActiveCfg = Debug|x64
		{61045130-0858-4EE9-8A5E-9184B58E018A}.Debug|x64.Build.0 = Debug|x64
		{61045130-0858-4EE9-8A5E-9184B58E018A}.Release|Any CPU.ActiveCfg = Release|Any CPU
		{61045130-0858-4EE9-8A5E-9184B58E018A}.Release|Any CPU.Build.0 = Release|Any CPU
		{61045130-0858-4EE9-8A5E-9184B58E018A}.Release|x64.ActiveCfg = Release|Any CPU
		{61045130-0858-4EE9-8A5E-9184B58E018A}.Release|x64.Build.0 = Release|Any CPU
		{FEB6EA9B-86D3-41B0-A950-C5B2555916CF}.Debug|Any CPU.ActiveCfg = Debug|Any CPU
		{FEB6EA9B-86D3-41B0-A950-C5B2555916CF}.Debug|Any CPU.Build.0 = Debug|Any CPU
		{FEB6EA9B-86D3-41B0-A950-C5B2555916CF}.Debug|x64.ActiveCfg = Debug|x64
		{FEB6EA9B-86D3-41B0-A950-C5B2555916CF}.Debug|x64.Build.0 = Debug|x64
		{FEB6EA9B-86D3-41B0-A950-C5B2555916CF}.Release|Any CPU.ActiveCfg = Release|Any CPU
		{FEB6EA9B-86D3-41B0-A950-C5B2555916CF}.Release|Any CPU.Build.0 = Release|Any CPU
		{FEB6EA9B-86D3-41B0-A950-C5B2555916CF}.Release|x64.ActiveCfg = Release|Any CPU
		{FEB6EA9B-86D3-41B0-A950-C5B2555916CF}.Release|x64.Build.0 = Release|Any CPU
	EndGlobalSection
	GlobalSection(SolutionProperties) = preSolution
		HideSolutionNode = FALSE
	EndGlobalSection
	GlobalSection(NestedProjects) = preSolution
		{1D6EA4E5-02D4-4C2A-8873-D336D420E726} = {0EA913C1-C065-4452-886F-0D9DA1F95F63}
		{A2FF047D-37DD-46A8-83B8-341608BD1D40} = {0EA913C1-C065-4452-886F-0D9DA1F95F63}
		{7B4F950D-89CE-41DC-9F19-DFA232C4867D} = {1FDDFFDE-CFFC-4F79-BAC3-D9C9A93130E0}
		{05B26E55-9C49-4078-983A-C6B13F6EE375} = {77065DBD-BA4A-409F-A55A-5245536F61A1}
		{6244FA20-EDA3-45D4-85C7-50D901C5D376} = {77065DBD-BA4A-409F-A55A-5245536F61A1}
		{F43DDCCA-E65C-4131-B789-DB4109E91B68} = {77065DBD-BA4A-409F-A55A-5245536F61A1}
		{22EE7B1A-E7B2-4547-94DD-4E85BDB56956} = {77065DBD-BA4A-409F-A55A-5245536F61A1}
		{8B4B5CEF-5B39-423A-A460-A24F7FD8890E} = {77065DBD-BA4A-409F-A55A-5245536F61A1}
		{DCFF7B48-8DF8-4ED9-9F0F-F11C2CCB7547} = {77065DBD-BA4A-409F-A55A-5245536F61A1}
		{07EF86CC-AC6A-454E-B12B-EB63454A1DCA} = {77065DBD-BA4A-409F-A55A-5245536F61A1}
		{D46C7263-535A-4BF9-AD14-5183EDE0A984} = {77065DBD-BA4A-409F-A55A-5245536F61A1}
		{8558B173-0E81-4C55-82B8-02417220E02C} = {77065DBD-BA4A-409F-A55A-5245536F61A1}
		{27072629-7A48-4D18-B8C0-4C1B62586FD2} = {1FDDFFDE-CFFC-4F79-BAC3-D9C9A93130E0}
		{E2689AB7-9037-4126-BD99-35FEC506FA3C} = {1FDDFFDE-CFFC-4F79-BAC3-D9C9A93130E0}
		{2380DA0F-851A-4430-9A43-E7B2DEEE29F2} = {77065DBD-BA4A-409F-A55A-5245536F61A1}
		{9F797C8E-6546-4D38-AAF4-AFAE9792BD51} = {1FDDFFDE-CFFC-4F79-BAC3-D9C9A93130E0}
		{61045130-0858-4EE9-8A5E-9184B58E018A} = {1FDDFFDE-CFFC-4F79-BAC3-D9C9A93130E0}
		{FEB6EA9B-86D3-41B0-A950-C5B2555916CF} = {77065DBD-BA4A-409F-A55A-5245536F61A1}
	EndGlobalSection
	GlobalSection(ExtensibilityGlobals) = postSolution
		SolutionGuid = {A02D7837-DE94-4017-830C-FE767A908E4D}
	EndGlobalSection
EndGlobal
